
Microsoft Visual Studio Solution File, Format Version 12.00
# Visual Studio Version 17
VisualStudioVersion = 17.2.32526.322
MinimumVisualStudioVersion = 10.0.40219.1
Project("{FAE04EC0-301F-11D3-BF4B-00C04F79EFBC}") = "HomeWorkLoops", "HomeWorkLoops\HomeWorkLoops.csproj", "{D22128FC-63EC-48E4-A50E-9217E2EA6D9C}"
EndProject
Global
	GlobalSection(SolutionConfigurationPlatforms) = preSolution
		Debug|Any CPU = Debug|Any CPU
		Release|Any CPU = Release|Any CPU
	EndGlobalSection
	GlobalSection(ProjectConfigurationPlatforms) = postSolution
		{D22128FC-63EC-48E4-A50E-9217E2EA6D9C}.Debug|Any CPU.ActiveCfg = Debug|Any CPU
		{D22128FC-63EC-48E4-A50E-9217E2EA6D9C}.Debug|Any CPU.Build.0 = Debug|Any CPU
		{D22128FC-63EC-48E4-A50E-9217E2EA6D9C}.Release|Any CPU.ActiveCfg = Release|Any CPU
		{D22128FC-63EC-48E4-A50E-9217E2EA6D9C}.Release|Any CPU.Build.0 = Release|Any CPU
	EndGlobalSection
	GlobalSection(SolutionProperties) = preSolution
		HideSolutionNode = FALSE
	EndGlobalSection
	GlobalSection(ExtensibilityGlobals) = postSolution
		SolutionGuid = {DC3BB68E-8B6C-4EDD-9FF7-24DF86AD2FC1}
	EndGlobalSection
EndGlobal
